
Microsoft Visual Studio Solution File, Format Version 12.00
# Visual Studio Version 17
VisualStudioVersion = 17.2.32616.157
MinimumVisualStudioVersion = 10.0.40219.1
Project("{FAE04EC0-301F-11D3-BF4B-00C04F79EFBC}") = "AppDSEtec.Android", "AppDSEtec.Android\AppDSEtec.Android.csproj", "{86BE4928-492C-4612-91F1-4D3ED585C30E}"
EndProject
Project("{FAE04EC0-301F-11D3-BF4B-00C04F79EFBC}") = "AppDSEtec", "AppDSEtec\AppDSEtec.csproj", "{62703606-98A2-46BA-8E7F-7A20B9C1F355}"
EndProject
Global
	GlobalSection(SolutionConfigurationPlatforms) = preSolution
		Debug|Any CPU = Debug|Any CPU
		Release|Any CPU = Release|Any CPU
	EndGlobalSection
	GlobalSection(ProjectConfigurationPlatforms) = postSolution
		{86BE4928-492C-4612-91F1-4D3ED585C30E}.Debug|Any CPU.ActiveCfg = Debug|Any CPU
		{86BE4928-492C-4612-91F1-4D3ED585C30E}.Debug|Any CPU.Build.0 = Debug|Any CPU
		{86BE4928-492C-4612-91F1-4D3ED585C30E}.Debug|Any CPU.Deploy.0 = Debug|Any CPU
		{86BE4928-492C-4612-91F1-4D3ED585C30E}.Release|Any CPU.ActiveCfg = Release|Any CPU
		{86BE4928-492C-4612-91F1-4D3ED585C30E}.Release|Any CPU.Build.0 = Release|Any CPU
		{86BE4928-492C-4612-91F1-4D3ED585C30E}.Release|Any CPU.Deploy.0 = Release|Any CPU
		{62703606-98A2-46BA-8E7F-7A20B9C1F355}.Debug|Any CPU.ActiveCfg = Debug|Any CPU
		{62703606-98A2-46BA-8E7F-7A20B9C1F355}.Debug|Any CPU.Build.0 = Debug|Any CPU
		{62703606-98A2-46BA-8E7F-7A20B9C1F355}.Debug|Any CPU.Deploy.0 = Debug|Any CPU
		{62703606-98A2-46BA-8E7F-7A20B9C1F355}.Release|Any CPU.ActiveCfg = Release|Any CPU
		{62703606-98A2-46BA-8E7F-7A20B9C1F355}.Release|Any CPU.Build.0 = Release|Any CPU
		{62703606-98A2-46BA-8E7F-7A20B9C1F355}.Release|Any CPU.Deploy.0 = Release|Any CPU
	EndGlobalSection
	GlobalSection(SolutionProperties) = preSolution
		HideSolutionNode = FALSE
	EndGlobalSection
	GlobalSection(ExtensibilityGlobals) = postSolution
		SolutionGuid = {68B02311-79B8-4A78-AD55-AF7E2F033D68}
	EndGlobalSection
EndGlobal
